{
  "nodes": {
    "nixpkgs": {
      "locked": {
        "lastModified": 1791031588,
        "narHash": "sha256-/FGDr01siZ8txrVzkOz6CYjiz0XR27JuVJP+aWchi4s=",
        "owner": "NixOS",
        "repo": "nixpkgs",
        "rev": "825e2028c29b702a4a5f085f08095d12099784f2",
        "type": "github"
      },
      "original": {
        "owner": "NixOS",
        "ref": "nixos-26.05",
        "repo": "nixpkgs",
        "type": "github"
      }
    },
    "root": {
      "inputs": {
        "nixpkgs": "nixpkgs",
        "stdexec": "stdexec"
      }
    },
    "stdexec": {
      "flake": false,
      "locked": {
        "lastModified": 1791605951,
        "narHash": "sha256-ckqE8X98PMtCeirN3UaTv+Zyy19H3yOHvU/YIsyPQgI=",
        "owner": "ispeters",
        "repo": "stdexec",
        "rev": "9a85c0ac643fb7e52bbaf5d4e4788192f0e81bce",
        "type": "github"
      },
      "original": {
        "owner": "ispeters",
        "repo": "stdexec",
        "rev": "9a85c0ac643fb7e52bbaf5d4e4788192f0e81bce",
        "type": "github"
      }
    }
  },
  "root": "root",
  "version": 7
}
